
Microsoft Visual Studio Solution File, Format Version 12.00
# Visual Studio Version 17
VisualStudioVersion = 17.5.33414.496
MinimumVisualStudioVersion = 10.0.40219.1
Project("{FAE04EC0-301F-11D3-BF4B-00C04F79EFBC}") = "BulkyWeb", "BulkyWeb\BulkyWeb.csproj", "{9463861E-3162-4900-8E22-5A40C9669F07}"
EndProject
Global
	GlobalSection(SolutionConfigurationPlatforms) = preSolution
		Debug|Any CPU = Debug|Any CPU
		Release|Any CPU = Release|Any CPU
	EndGlobalSection
	GlobalSection(ProjectConfigurationPlatforms) = postSolution
		{9463861E-3162-4900-8E22-5A40C9669F07}.Debug|Any CPU.ActiveCfg = Debug|Any CPU
		{9463861E-3162-4900-8E22-5A40C9669F07}.Debug|Any CPU.Build.0 = Debug|Any CPU
		{9463861E-3162-4900-8E22-5A40C9669F07}.Release|Any CPU.ActiveCfg = Release|Any CPU
		{9463861E-3162-4900-8E22-5A40C9669F07}.Release|Any CPU.Build.0 = Release|Any CPU
	EndGlobalSection
	GlobalSection(SolutionProperties) = preSolution
		HideSolutionNode = FALSE
	EndGlobalSection
	GlobalSection(ExtensibilityGlobals) = postSolution
		SolutionGuid = {F965B210-46E7-4AA6-8901-8E737D020E49}
	EndGlobalSection
EndGlobal
